
Microsoft Visual Studio Solution File, Format Version 12.00
# Visual Studio 15
VisualStudioVersion = 15.0.26730.16
MinimumVisualStudioVersion = 10.0.40219.1
Project("{8BC9CEB8-8B4A-11D0-8D11-00A0C91BC942}") = "Labrabota3-1", "Labrabota3-1\Labrabota3-1.vcxproj", "{DE32AAE2-2889-43F9-8C03-18CF3084C54A}"
EndProject
Project("{8BC9CEB8-8B4A-11D0-8D11-00A0C91BC942}") = "Labrabota3-2", "Labrabota3-2\Labrabota3-2.vcxproj", "{9FBBE1AB-FEDC-43A9-A99C-203A601FC813}"
EndProject
Global
	GlobalSection(SolutionConfigurationPlatforms) = preSolution
		Debug|x64 = Debug|x64
		Debug|x86 = Debug|x86
		Release|x64 = Release|x64
		Release|x86 = Release|x86
	EndGlobalSection
	GlobalSection(ProjectConfigurationPlatforms) = postSolution
		{DE32AAE2-2889-43F9-8C03-18CF3084C54A}.Debug|x64.ActiveCfg = Debug|x64
		{DE32AAE2-2889-43F9-8C03-18CF3084C54A}.Debug|x64.Build.0 = Debug|x64
		{DE32AAE2-2889-43F9-8C03-18CF3084C54A}.Debug|x86.ActiveCfg = Debug|Win32
		{DE32AAE2-2889-43F9-8C03-18CF3084C54A}.Debug|x86.Build.0 = Debug|Win32
		{DE32AAE2-2889-43F9-8C03-18CF3084C54A}.Release|x64.ActiveCfg = Release|x64
		{DE32AAE2-2889-43F9-8C03-18CF3084C54A}.Release|x64.Build.0 = Release|x64
		{DE32AAE2-2889-43F9-8C03-18CF3084C54A}.Release|x86.ActiveCfg = Release|Win32
		{DE32AAE2-2889-43F9-8C03-18CF3084C54A}.Release|x86.Build.0 = Release|Win32
		{9FBBE1AB-FEDC-43A9-A99C-203A601FC813}.Debug|x64.ActiveCfg = Debug|x64
		{9FBBE1AB-FEDC-43A9-A99C-203A601FC813}.Debug|x64.Build.0 = Debug|x64
		{9FBBE1AB-FEDC-43A9-A99C-203A601FC813}.Debug|x86.ActiveCfg = Debug|Win32
		{9FBBE1AB-FEDC-43A9-A99C-203A601FC813}.Debug|x86.Build.0 = Debug|Win32
		{9FBBE1AB-FEDC-43A9-A99C-203A601FC813}.Release|x64.ActiveCfg = Release|x64
		{9FBBE1AB-FEDC-43A9-A99C-203A601FC813}.Release|x64.Build.0 = Release|x64
		{9FBBE1AB-FEDC-43A9-A99C-203A601FC813}.Release|x86.ActiveCfg = Release|Win32
		{9FBBE1AB-FEDC-43A9-A99C-203A601FC813}.Release|x86.Build.0 = Release|Win32
	EndGlobalSection
	GlobalSection(SolutionProperties) = preSolution
		HideSolutionNode = FALSE
	EndGlobalSection
	GlobalSection(ExtensibilityGlobals) = postSolution
		SolutionGuid = {2288855A-CE7A-4845-9E10-C247083480E5}
	EndGlobalSection
EndGlobal
